
Microsoft Visual Studio Solution File, Format Version 12.00
# Visual Studio Version 17
VisualStudioVersion = 17.0.31903.59
MinimumVisualStudioVersion = 10.0.40219.1
Project("{FAE04EC0-301F-11D3-BF4B-00C04F79EFBC}") = "BiblioteksStyringssystem", "BiblioteksStyringssystem.csproj", "{AE37C7D8-3407-4C17-9819-7512AD956186}"
EndProject
Global
	GlobalSection(SolutionConfigurationPlatforms) = preSolution
		Debug|Any CPU = Debug|Any CPU
		Release|Any CPU = Release|Any CPU
	EndGlobalSection
	GlobalSection(ProjectConfigurationPlatforms) = postSolution
		{AE37C7D8-3407-4C17-9819-7512AD956186}.Debug|Any CPU.ActiveCfg = Debug|Any CPU
		{AE37C7D8-3407-4C17-9819-7512AD956186}.Debug|Any CPU.Build.0 = Debug|Any CPU
		{AE37C7D8-3407-4C17-9819-7512AD956186}.Release|Any CPU.ActiveCfg = Release|Any CPU
		{AE37C7D8-3407-4C17-9819-7512AD956186}.Release|Any CPU.Build.0 = Release|Any CPU
	EndGlobalSection
	GlobalSection(SolutionProperties) = preSolution
		HideSolutionNode = FALSE
	EndGlobalSection
	GlobalSection(ExtensibilityGlobals) = postSolution
		SolutionGuid = {E4D0C078-9A8D-45CC-B2BA-83240C7935C4}
	EndGlobalSection
EndGlobal
